
Microsoft Visual Studio Solution File, Format Version 12.00
# Visual Studio Version 17
VisualStudioVersion = 17.11.35219.272
MinimumVisualStudioVersion = 10.0.40219.1
Project("{9A19103F-16F7-4668-BE54-9A1E7A4F7556}") = "FU.OJ.Server", "FU.OJ.Server\FU.OJ.Server.csproj", "{A5345959-E88B-4F0D-AC48-CE9FAE9178FD}"
EndProject
Project("{54A90642-561A-4BB1-A94E-469ADEE60C69}") = "fu.oj.client", "fu.oj.client\fu.oj.client.esproj", "{E87CD8E4-E40A-4BAD-9923-79DAF3EA0133}"
EndProject
Project("{9A19103F-16F7-4668-BE54-9A1E7A4F7556}") = "TaxNet_Category", "..\.NET\TAXNET\taxnet_category\TaxNet_Category.csproj", "{910BC9FA-F160-4262-AA4F-1D7A154124B7}"
EndProject
Project("{9A19103F-16F7-4668-BE54-9A1E7A4F7556}") = "TaxNet_Common", "..\.NET\TAXNET\taxnet_common\TaxNet_Common.csproj", "{AF947087-1305-49B5-954A-4ED286BF1144}"
EndProject
Global
	GlobalSection(SolutionConfigurationPlatforms) = preSolution
		Debug|Any CPU = Debug|Any CPU
		Release|Any CPU = Release|Any CPU
	EndGlobalSection
	GlobalSection(ProjectConfigurationPlatforms) = postSolution
		{A5345959-E88B-4F0D-AC48-CE9FAE9178FD}.Debug|Any CPU.ActiveCfg = Debug|Any CPU
		{A5345959-E88B-4F0D-AC48-CE9FAE9178FD}.Debug|Any CPU.Build.0 = Debug|Any CPU
		{A5345959-E88B-4F0D-AC48-CE9FAE9178FD}.Release|Any CPU.ActiveCfg = Release|Any CPU
		{A5345959-E88B-4F0D-AC48-CE9FAE9178FD}.Release|Any CPU.Build.0 = Release|Any CPU
		{E87CD8E4-E40A-4BAD-9923-79DAF3EA0133}.Debug|Any CPU.ActiveCfg = Debug|Any CPU
		{E87CD8E4-E40A-4BAD-9923-79DAF3EA0133}.Debug|Any CPU.Build.0 = Debug|Any CPU
		{E87CD8E4-E40A-4BAD-9923-79DAF3EA0133}.Debug|Any CPU.Deploy.0 = Debug|Any CPU
		{E87CD8E4-E40A-4BAD-9923-79DAF3EA0133}.Release|Any CPU.ActiveCfg = Release|Any CPU
		{E87CD8E4-E40A-4BAD-9923-79DAF3EA0133}.Release|Any CPU.Build.0 = Release|Any CPU
		{E87CD8E4-E40A-4BAD-9923-79DAF3EA0133}.Release|Any CPU.Deploy.0 = Release|Any CPU
		{910BC9FA-F160-4262-AA4F-1D7A154124B7}.Debug|Any CPU.ActiveCfg = Debug|Any CPU
		{910BC9FA-F160-4262-AA4F-1D7A154124B7}.Debug|Any CPU.Build.0 = Debug|Any CPU
		{910BC9FA-F160-4262-AA4F-1D7A154124B7}.Release|Any CPU.ActiveCfg = Release|Any CPU
		{910BC9FA-F160-4262-AA4F-1D7A154124B7}.Release|Any CPU.Build.0 = Release|Any CPU
		{AF947087-1305-49B5-954A-4ED286BF1144}.Debug|Any CPU.ActiveCfg = Debug|Any CPU
		{AF947087-1305-49B5-954A-4ED286BF1144}.Debug|Any CPU.Build.0 = Debug|Any CPU
		{AF947087-1305-49B5-954A-4ED286BF1144}.Release|Any CPU.ActiveCfg = Release|Any CPU
		{AF947087-1305-49B5-954A-4ED286BF1144}.Release|Any CPU.Build.0 = Release|Any CPU
	EndGlobalSection
	GlobalSection(SolutionProperties) = preSolution
		HideSolutionNode = FALSE
	EndGlobalSection
	GlobalSection(ExtensibilityGlobals) = postSolution
		SolutionGuid = {453FDF8B-B62B-4F26-A024-825D1A9105DF}
	EndGlobalSection
EndGlobal
